
Microsoft Visual Studio Solution File, Format Version 12.00
# Visual Studio 15
VisualStudioVersion = 15.0.27004.2002
MinimumVisualStudioVersion = 10.0.40219.1
Project("{2150E333-8FDC-42A3-9474-1A3956D46DE8}") = "src", "src", "{389FC06B-F543-41B8-9874-726DA9878DDC}"
EndProject
Project("{2150E333-8FDC-42A3-9474-1A3956D46DE8}") = "Solution Items", "Solution Items", "{3A330984-9652-4DA1-99D3-B55E6DEAC6AA}"
	ProjectSection(SolutionItems) = preProject
		nuget.config = nuget.config
	EndProjectSection
EndProject
Project("{9A19103F-16F7-4668-BE54-9A1E7A4F7556}") = "Plugin.Sample.AdventureWorks", "Plugin.Sample.AdventureWorks\Plugin.Sample.AdventureWorks.csproj", "{45E1A5F7-861D-4929-A4C4-E3FD9D898F23}"
EndProject
Project("{9A19103F-16F7-4668-BE54-9A1E7A4F7556}") = "Plugin.Sample.Habitat", "Plugin.Sample.Habitat\Plugin.Sample.Habitat.csproj", "{72203E4B-DA74-405C-9D33-193B38A0AA33}"
EndProject
Project("{9A19103F-16F7-4668-BE54-9A1E7A4F7556}") = "Sitecore.Commerce.Engine", "Sitecore.Commerce.Engine\Sitecore.Commerce.Engine.csproj", "{3E68F9A9-396C-487C-BEB9-C24E47721E2F}"
EndProject
Project("{9A19103F-16F7-4668-BE54-9A1E7A4F7556}") = "Plugin.Plumber.Catalog", "Plugin.Plumber.Catalog\Plugin.Plumber.Catalog.csproj", "{141DDA76-D9CD-4E3C-AFFE-7A2E51A8579D}"
EndProject
Project("{9A19103F-16F7-4668-BE54-9A1E7A4F7556}") = "Plugin.Plumber.Catalog.Sample", "Plugin.Plumber.Catalog.Test\Plugin.Plumber.Catalog.Sample.csproj", "{447F35C5-3253-41D5-8DA2-9F797B22F1F2}"
EndProject
Project("{9A19103F-16F7-4668-BE54-9A1E7A4F7556}") = "Plugin.Sample.Upgrade", "Plugin.Sample.Upgrade\Plugin.Sample.Upgrade.csproj", "{22173668-B750-4CBC-A202-499DAD1B32F5}"
EndProject
Global
	GlobalSection(SolutionConfigurationPlatforms) = preSolution
		Debug|Any CPU = Debug|Any CPU
		Release|Any CPU = Release|Any CPU
	EndGlobalSection
	GlobalSection(ProjectConfigurationPlatforms) = postSolution
		{45E1A5F7-861D-4929-A4C4-E3FD9D898F23}.Debug|Any CPU.ActiveCfg = Debug|Any CPU
		{45E1A5F7-861D-4929-A4C4-E3FD9D898F23}.Debug|Any CPU.Build.0 = Debug|Any CPU
		{45E1A5F7-861D-4929-A4C4-E3FD9D898F23}.Release|Any CPU.ActiveCfg = Release|Any CPU
		{45E1A5F7-861D-4929-A4C4-E3FD9D898F23}.Release|Any CPU.Build.0 = Release|Any CPU
		{72203E4B-DA74-405C-9D33-193B38A0AA33}.Debug|Any CPU.ActiveCfg = Debug|Any CPU
		{72203E4B-DA74-405C-9D33-193B38A0AA33}.Debug|Any CPU.Build.0 = Debug|Any CPU
		{72203E4B-DA74-405C-9D33-193B38A0AA33}.Release|Any CPU.ActiveCfg = Release|Any CPU
		{72203E4B-DA74-405C-9D33-193B38A0AA33}.Release|Any CPU.Build.0 = Release|Any CPU
		{3E68F9A9-396C-487C-BEB9-C24E47721E2F}.Debug|Any CPU.ActiveCfg = Debug|Any CPU
		{3E68F9A9-396C-487C-BEB9-C24E47721E2F}.Debug|Any CPU.Build.0 = Debug|Any CPU
		{3E68F9A9-396C-487C-BEB9-C24E47721E2F}.Release|Any CPU.ActiveCfg = Release|Any CPU
		{141DDA76-D9CD-4E3C-AFFE-7A2E51A8579D}.Debug|Any CPU.ActiveCfg = Debug|Any CPU
		{141DDA76-D9CD-4E3C-AFFE-7A2E51A8579D}.Debug|Any CPU.Build.0 = Debug|Any CPU
		{141DDA76-D9CD-4E3C-AFFE-7A2E51A8579D}.Release|Any CPU.ActiveCfg = Release|Any CPU
		{141DDA76-D9CD-4E3C-AFFE-7A2E51A8579D}.Release|Any CPU.Build.0 = Release|Any CPU
		{447F35C5-3253-41D5-8DA2-9F797B22F1F2}.Debug|Any CPU.ActiveCfg = Debug|Any CPU
		{447F35C5-3253-41D5-8DA2-9F797B22F1F2}.Debug|Any CPU.Build.0 = Debug|Any CPU
		{447F35C5-3253-41D5-8DA2-9F797B22F1F2}.Release|Any CPU.ActiveCfg = Release|Any CPU
		{447F35C5-3253-41D5-8DA2-9F797B22F1F2}.Release|Any CPU.Build.0 = Release|Any CPU
		{22173668-B750-4CBC-A202-499DAD1B32F5}.Debug|Any CPU.ActiveCfg = Debug|Any CPU
		{22173668-B750-4CBC-A202-499DAD1B32F5}.Debug|Any CPU.Build.0 = Debug|Any CPU
		{22173668-B750-4CBC-A202-499DAD1B32F5}.Release|Any CPU.ActiveCfg = Release|Any CPU
		{22173668-B750-4CBC-A202-499DAD1B32F5}.Release|Any CPU.Build.0 = Release|Any CPU
	EndGlobalSection
	GlobalSection(SolutionProperties) = preSolution
		HideSolutionNode = FALSE
	EndGlobalSection
	GlobalSection(NestedProjects) = preSolution
		{45E1A5F7-861D-4929-A4C4-E3FD9D898F23} = {389FC06B-F543-41B8-9874-726DA9878DDC}
		{72203E4B-DA74-405C-9D33-193B38A0AA33} = {389FC06B-F543-41B8-9874-726DA9878DDC}
		{3E68F9A9-396C-487C-BEB9-C24E47721E2F} = {389FC06B-F543-41B8-9874-726DA9878DDC}
		{141DDA76-D9CD-4E3C-AFFE-7A2E51A8579D} = {389FC06B-F543-41B8-9874-726DA9878DDC}
		{447F35C5-3253-41D5-8DA2-9F797B22F1F2} = {389FC06B-F543-41B8-9874-726DA9878DDC}
		{22173668-B750-4CBC-A202-499DAD1B32F5} = {389FC06B-F543-41B8-9874-726DA9878DDC}
	EndGlobalSection
	GlobalSection(ExtensibilityGlobals) = postSolution
		SolutionGuid = {32813392-1C11-4D75-BF11-1ECBEF674669}
	EndGlobalSection
EndGlobal
